{
  "version": 4,
  "terraform_version": "0.14.6",
  "serial": 197,
  "lineage": "3ca739da-5a6b-ff80-2568-2bd94221d424",
  "outputs": {},
  "resources": [
    {
      "mode": "managed",
      "type": "google_cloud_scheduler_job",
      "name": "job",
      "provider": "provider[\"registry.terraform.io/hashicorp/google\"]",
      "instances": [
        {
          "schema_version": 0,
          "attributes": {
            "app_engine_http_target": [],
            "attempt_deadline": "",
            "description": "Cloud Scheduler to turn off labeled VMs to save on cost and reduce risk.",
            "http_target": [],
            "id": "projects/terraformjlt/locations/us-west1/jobs/instance-scheduler",
            "name": "instance-scheduler",
            "paused": false,
            "project": "terraformjlt",
            "pubsub_target": [
              {
                "attributes": null,
                "data": "aSBhbSBhIHJvYm90Li4uYmVlcCBib29wIGJlZXAgYm9vcA==",
                "topic_name": "projects/terraformjlt/topics/instance-scheduler-topic"
              }
            ],
            "region": "us-west1",
            "retry_config": [],
            "schedule": "*/5 * * * *",
            "state": "ENABLED",
            "time_zone": "Etc/UTC",
            "timeouts": null
          },
          "sensitive_attributes": [],
          "private": "eyJlMmJmYjczMC1lY2FhLTExZTYtOGY4OC0zNDM2M2JjN2M0YzAiOnsiY3JlYXRlIjoxMjAwMDAwMDAwMDAwLCJkZWxldGUiOjEyMDAwMDAwMDAwMDAsInVwZGF0ZSI6MTIwMDAwMDAwMDAwMH19",
          "dependencies": [
            "google_pubsub_topic.topic"
          ]
        }
      ]
    },
    {
      "mode": "managed",
      "type": "google_cloudfunctions_function",
      "name": "function",
      "provider": "provider[\"registry.terraform.io/hashicorp/google\"]",
      "instances": [
        {
          "schema_version": 0,
          "attributes": {
            "available_memory_mb": 128,
            "build_environment_variables": null,
            "build_worker_pool": "",
            "description": "Cloud function to do the heavy lifting",
            "docker_registry": "CONTAINER_REGISTRY",
            "docker_repository": "",
            "entry_point": "instance_scheduler_start",
            "environment_variables": {
              "LABEL_KEY": "instance-scheduler",
              "LABEL_VALUE": "enabled",
              "PROJECT": "terraformjlt"
            },
            "event_trigger": [
              {
                "event_type": "google.pubsub.topic.publish",
                "failure_policy": [
                  {
                    "retry": false
                  }
                ],
                "resource": "projects/terraformjlt/topics/instance-scheduler-topic"
              }
            ],
            "https_trigger_security_level": null,
            "https_trigger_url": null,
            "id": "projects/terraformjlt/locations/us-west1/functions/instance-scheduler-function",
            "ingress_settings": "ALLOW_ALL",
            "kms_key_name": "",
            "labels": null,
            "max_instances": 3000,
            "min_instances": 0,
            "name": "instance-scheduler-function",
            "project": "terraformjlt",
            "region": "us-west1",
            "runtime": "python37",
            "secret_environment_variables": [],
            "secret_volumes": [],
            "service_account_email": "instance-scheduler-srv-accnt@terraformjlt.iam.gserviceaccount.com",
            "source_archive_bucket": "terraformjlt_sch_bkt",
            "source_archive_object": "function.zip",
            "source_repository": [],
            "status": "ACTIVE",
            "timeout": 120,
            "timeouts": null,
            "trigger_http": null,
            "vpc_connector": "",
            "vpc_connector_egress_settings": ""
          },
          "sensitive_attributes": [],
          "private": "eyJlMmJmYjczMC1lY2FhLTExZTYtOGY4OC0zNDM2M2JjN2M0YzAiOnsiY3JlYXRlIjozMDAwMDAwMDAwMDAsImRlbGV0ZSI6MzAwMDAwMDAwMDAwLCJyZWFkIjozMDAwMDAwMDAwMDAsInVwZGF0ZSI6MzAwMDAwMDAwMDAwfX0=",
          "dependencies": [
            "google_pubsub_topic.topic",
            "google_service_account.sa",
            "google_storage_bucket.bucket",
            "google_storage_bucket_object.archive"
          ]
        }
      ]
    },
    {
      "mode": "managed",
      "type": "google_compute_firewall",
      "name": "allow-ssh",
      "provider": "provider[\"registry.terraform.io/hashicorp/google\"]",
      "instances": [
        {
          "schema_version": 1,
          "attributes": {
            "allow": [
              {
                "ports": [
                  "22"
                ],
                "protocol": "tcp"
              }
            ],
            "creation_timestamp": "2023-06-01T08:44:36.050-07:00",
            "deny": [],
            "description": "",
            "destination_ranges": [],
            "direction": "INGRESS",
            "disabled": false,
            "enable_logging": null,
            "id": "projects/terraformjlt/global/firewalls/terraform-firewall-allow-ssh",
            "log_config": [],
            "name": "terraform-firewall-allow-ssh",
            "network": "https://www.googleapis.com/compute/v1/projects/terraformjlt/global/networks/terraform-network",
            "priority": 1000,
            "project": "terraformjlt",
            "self_link": "https://www.googleapis.com/compute/v1/projects/terraformjlt/global/firewalls/terraform-firewall-allow-ssh",
            "source_ranges": null,
            "source_service_accounts": null,
            "source_tags": [
              "ssh"
            ],
            "target_service_accounts": null,
            "target_tags": [
              "ssh"
            ],
            "timeouts": null
          },
          "sensitive_attributes": [],
          "private": "eyJlMmJmYjczMC1lY2FhLTExZTYtOGY4OC0zNDM2M2JjN2M0YzAiOnsiY3JlYXRlIjoxMjAwMDAwMDAwMDAwLCJkZWxldGUiOjEyMDAwMDAwMDAwMDAsInVwZGF0ZSI6MTIwMDAwMDAwMDAwMH0sInNjaGVtYV92ZXJzaW9uIjoiMSJ9",
          "dependencies": [
            "google_compute_network.vpc_network"
          ]
        }
      ]
    },
    {
      "mode": "managed",
      "type": "google_compute_firewall",
      "name": "firewall",
      "provider": "provider[\"registry.terraform.io/hashicorp/google\"]",
      "instances": [
        {
          "schema_version": 1,
          "attributes": {
            "allow": [
              {
                "ports": [
                  "80",
                  "8080"
                ],
                "protocol": "tcp"
              }
            ],
            "creation_timestamp": "2023-06-01T08:44:36.336-07:00",
            "deny": [],
            "description": "",
            "destination_ranges": [],
            "direction": "INGRESS",
            "disabled": false,
            "enable_logging": null,
            "id": "projects/terraformjlt/global/firewalls/terraform-firewall-allow-http",
            "log_config": [],
            "name": "terraform-firewall-allow-http",
            "network": "https://www.googleapis.com/compute/v1/projects/terraformjlt/global/networks/terraform-network",
            "priority": 1000,
            "project": "terraformjlt",
            "self_link": "https://www.googleapis.com/compute/v1/projects/terraformjlt/global/firewalls/terraform-firewall-allow-http",
            "source_ranges": [
              "0.0.0.0/0"
            ],
            "source_service_accounts": null,
            "source_tags": [
              "web"
            ],
            "target_service_accounts": null,
            "target_tags": null,
            "timeouts": null
          },
          "sensitive_attributes": [],
          "private": "eyJlMmJmYjczMC1lY2FhLTExZTYtOGY4OC0zNDM2M2JjN2M0YzAiOnsiY3JlYXRlIjoxMjAwMDAwMDAwMDAwLCJkZWxldGUiOjEyMDAwMDAwMDAwMDAsInVwZGF0ZSI6MTIwMDAwMDAwMDAwMH0sInNjaGVtYV92ZXJzaW9uIjoiMSJ9",
          "dependencies": [
            "google_compute_network.vpc_network"
          ]
        }
      ]
    },
    {
      "mode": "managed",
      "type": "google_compute_firewall",
      "name": "streamlit",
      "provider": "provider[\"registry.terraform.io/hashicorp/google\"]",
      "instances": [
        {
          "schema_version": 1,
          "attributes": {
            "allow": [
              {
                "ports": [
                  "8501"
                ],
                "protocol": "tcp"
              }
            ],
            "creation_timestamp": "2023-06-01T08:44:36.356-07:00",
            "deny": [],
            "description": "",
            "destination_ranges": [],
            "direction": "INGRESS",
            "disabled": false,
            "enable_logging": null,
            "id": "projects/terraformjlt/global/firewalls/terraform-firewall-streamlit",
            "log_config": [],
            "name": "terraform-firewall-streamlit",
            "network": "https://www.googleapis.com/compute/v1/projects/terraformjlt/global/networks/terraform-network",
            "priority": 1000,
            "project": "terraformjlt",
            "self_link": "https://www.googleapis.com/compute/v1/projects/terraformjlt/global/firewalls/terraform-firewall-streamlit",
            "source_ranges": null,
            "source_service_accounts": null,
            "source_tags": [
              "streamlit"
            ],
            "target_service_accounts": null,
            "target_tags": [
              "streamlit"
            ],
            "timeouts": null
          },
          "sensitive_attributes": [],
          "private": "eyJlMmJmYjczMC1lY2FhLTExZTYtOGY4OC0zNDM2M2JjN2M0YzAiOnsiY3JlYXRlIjoxMjAwMDAwMDAwMDAwLCJkZWxldGUiOjEyMDAwMDAwMDAwMDAsInVwZGF0ZSI6MTIwMDAwMDAwMDAwMH0sInNjaGVtYV92ZXJzaW9uIjoiMSJ9",
          "dependencies": [
            "google_compute_network.vpc_network"
          ]
        }
      ]
    },
    {
      "mode": "managed",
      "type": "google_compute_instance",
      "name": "vm_instance",
      "provider": "provider[\"registry.terraform.io/hashicorp/google\"]",
      "instances": [
        {
          "schema_version": 6,
          "attributes": {
            "advanced_machine_features": [],
            "allow_stopping_for_update": null,
            "attached_disk": [],
            "boot_disk": [
              {
                "auto_delete": true,
                "device_name": "persistent-disk-0",
                "disk_encryption_key_raw": "",
                "disk_encryption_key_sha256": "",
                "initialize_params": [
                  {
                    "image": "https://www.googleapis.com/compute/v1/projects/ubuntu-os-cloud/global/images/ubuntu-1804-bionic-v20230510",
                    "labels": {},
                    "size": 10,
                    "type": "pd-standard"
                  }
                ],
                "kms_key_self_link": "",
                "mode": "READ_WRITE",
                "source": "https://www.googleapis.com/compute/v1/projects/terraformjlt/zones/us-west1-b/disks/instance-scheduler"
              }
            ],
            "can_ip_forward": false,
            "confidential_instance_config": [],
            "cpu_platform": "AMD Rome",
            "current_status": "RUNNING",
            "deletion_protection": false,
            "description": "",
            "desired_status": null,
            "enable_display": false,
            "guest_accelerator": [],
            "hostname": "",
            "id": "projects/terraformjlt/zones/us-west1-b/instances/instance-scheduler",
            "instance_id": "4755713983146951178",
            "label_fingerprint": "42WmSpB8rSM=",
            "labels": null,
            "machine_type": "e2-small",
            "metadata": null,
            "metadata_fingerprint": "gIP-3AoVMMw=",
            "metadata_startup_script": "# Docker Installation Scripts for Ubuntu\n# From Docker website:\n# https://docs.docker.com/engine/install/ubuntu/\n\n# Update the apt package index and install packages to allow apt to use a repository over HTTPS:\n\nsudo apt-get update\nsudo apt-get install ca-certificates curl gnupg lsb-release\n\n# Add Docker's official GPG key\n\nsudo mkdir -p /etc/apt/keyrings\ncurl -fsSL https://download.docker.com/linux/ubuntu/gpg | sudo gpg --dearmor -o /etc/apt/keyrings/docker.gpg\n\n# Use the following command to set up the repository\n\necho \\\n  \"deb [arch=$(dpkg --print-architecture) signed-by=/etc/apt/keyrings/docker.gpg] https://download.docker.com/linux/ubuntu \\\n  $(lsb_release -cs) stable\" | sudo tee /etc/apt/sources.list.d/docker.list \u003e /dev/null\n\n# Update the apt package index, and install the latest version of Docker Engine and containerd\n\nsudo apt-get update\nsudo apt-get install -y docker-ce # docker-ce-cli containerd.io docker-compose-plugin # \u003c- uncomment to install additional tools",
            "min_cpu_platform": "",
            "name": "instance-scheduler",
            "network_interface": [
              {
                "access_config": [
                  {
                    "nat_ip": "34.127.95.182",
                    "network_tier": "PREMIUM",
                    "public_ptr_domain_name": ""
                  }
                ],
                "alias_ip_range": [],
                "ipv6_access_config": [],
                "ipv6_access_type": "",
                "name": "nic0",
                "network": "https://www.googleapis.com/compute/v1/projects/terraformjlt/global/networks/terraform-network",
                "network_ip": "10.138.0.2",
                "nic_type": "",
                "queue_count": 0,
                "stack_type": "IPV4_ONLY",
                "subnetwork": "https://www.googleapis.com/compute/v1/projects/terraformjlt/regions/us-west1/subnetworks/terraform-network",
                "subnetwork_project": "terraformjlt"
              }
            ],
            "network_performance_config": [],
            "project": "terraformjlt",
            "reservation_affinity": [],
            "resource_policies": null,
            "scheduling": [
              {
                "automatic_restart": true,
                "instance_termination_action": "",
                "min_node_cpus": 0,
                "node_affinities": [],
                "on_host_maintenance": "MIGRATE",
                "preemptible": false,
                "provisioning_model": "STANDARD"
              }
            ],
            "scratch_disk": [],
            "self_link": "https://www.googleapis.com/compute/v1/projects/terraformjlt/zones/us-west1-b/instances/instance-scheduler",
            "service_account": [],
            "shielded_instance_config": [
              {
                "enable_integrity_monitoring": true,
                "enable_secure_boot": false,
                "enable_vtpm": true
              }
            ],
            "tags": [
              "ssh",
              "streamlit",
              "web"
            ],
            "tags_fingerprint": "z8arOUimyow=",
            "timeouts": null,
            "zone": "us-west1-b"
          },
          "sensitive_attributes": [],
          "private": "eyJlMmJmYjczMC1lY2FhLTExZTYtOGY4OC0zNDM2M2JjN2M0YzAiOnsiY3JlYXRlIjoxMjAwMDAwMDAwMDAwLCJkZWxldGUiOjEyMDAwMDAwMDAwMDAsInVwZGF0ZSI6MTIwMDAwMDAwMDAwMH0sInNjaGVtYV92ZXJzaW9uIjoiNiJ9",
          "dependencies": [
            "google_compute_network.vpc_network"
          ]
        }
      ]
    },
    {
      "mode": "managed",
      "type": "google_compute_network",
      "name": "vpc_network",
      "provider": "provider[\"registry.terraform.io/hashicorp/google\"]",
      "instances": [
        {
          "schema_version": 0,
          "attributes": {
            "auto_create_subnetworks": true,
            "delete_default_routes_on_create": false,
            "description": "",
            "enable_ula_internal_ipv6": false,
            "gateway_ipv4": "",
            "id": "projects/terraformjlt/global/networks/terraform-network",
            "internal_ipv6_range": "",
            "mtu": 0,
            "name": "terraform-network",
            "network_firewall_policy_enforcement_order": "AFTER_CLASSIC_FIREWALL",
            "project": "terraformjlt",
            "routing_mode": "REGIONAL",
            "self_link": "https://www.googleapis.com/compute/v1/projects/terraformjlt/global/networks/terraform-network",
            "timeouts": null
          },
          "sensitive_attributes": [],
          "private": "eyJlMmJmYjczMC1lY2FhLTExZTYtOGY4OC0zNDM2M2JjN2M0YzAiOnsiY3JlYXRlIjoxMjAwMDAwMDAwMDAwLCJkZWxldGUiOjEyMDAwMDAwMDAwMDAsInVwZGF0ZSI6MTIwMDAwMDAwMDAwMH19"
        }
      ]
    },
    {
      "mode": "managed",
      "type": "google_project_iam_custom_role",
      "name": "sa_custom_role",
      "provider": "provider[\"registry.terraform.io/hashicorp/google\"]",
      "instances": [
        {
          "schema_version": 0,
          "attributes": {
            "deleted": false,
            "description": "Ability to turn off instances with a specific label at a specific time.",
            "id": "projects/terraformjlt/roles/instance.scheduler",
            "name": "projects/terraformjlt/roles/instance.scheduler",
            "permissions": [
              "compute.instances.list",
              "compute.instances.stop",
              "compute.zones.list"
            ],
            "project": "terraformjlt",
            "role_id": "instance.scheduler",
            "stage": "GA",
            "title": "Instance Scheduler Role"
          },
          "sensitive_attributes": [],
          "private": "bnVsbA=="
        }
      ]
    },
    {
      "mode": "managed",
      "type": "google_project_iam_member",
      "name": "sa-iam-member",
      "provider": "provider[\"registry.terraform.io/hashicorp/google\"]",
      "instances": [
        {
          "schema_version": 0,
          "attributes": {
            "condition": [],
            "etag": "BwX9E014cpI=",
            "id": "terraformjlt/projects/terraformjlt/roles/instance.scheduler/serviceAccount:instance-scheduler-srv-accnt@terraformjlt.iam.gserviceaccount.com",
            "member": "serviceAccount:instance-scheduler-srv-accnt@terraformjlt.iam.gserviceaccount.com",
            "project": "terraformjlt",
            "role": "projects/terraformjlt/roles/instance.scheduler"
          },
          "sensitive_attributes": [],
          "private": "bnVsbA==",
          "dependencies": [
            "google_project_iam_custom_role.sa_custom_role",
            "google_service_account.sa"
          ]
        }
      ]
    },
    {
      "mode": "managed",
      "type": "google_pubsub_topic",
      "name": "topic",
      "provider": "provider[\"registry.terraform.io/hashicorp/google\"]",
      "instances": [
        {
          "schema_version": 0,
          "attributes": {
            "id": "projects/terraformjlt/topics/instance-scheduler-topic",
            "kms_key_name": "",
            "labels": null,
            "message_retention_duration": "",
            "message_storage_policy": [],
            "name": "instance-scheduler-topic",
            "project": "terraformjlt",
            "schema_settings": [],
            "timeouts": null
          },
          "sensitive_attributes": [],
          "private": "eyJlMmJmYjczMC1lY2FhLTExZTYtOGY4OC0zNDM2M2JjN2M0YzAiOnsiY3JlYXRlIjoxMjAwMDAwMDAwMDAwLCJkZWxldGUiOjEyMDAwMDAwMDAwMDAsInVwZGF0ZSI6MTIwMDAwMDAwMDAwMH19"
        }
      ]
    },
    {
      "mode": "managed",
      "type": "google_service_account",
      "name": "sa",
      "provider": "provider[\"registry.terraform.io/hashicorp/google\"]",
      "instances": [
        {
          "schema_version": 0,
          "attributes": {
            "account_id": "instance-scheduler-srv-accnt",
            "description": "",
            "disabled": false,
            "display_name": "instance-scheduler-srv-accnt",
            "email": "instance-scheduler-srv-accnt@terraformjlt.iam.gserviceaccount.com",
            "id": "projects/terraformjlt/serviceAccounts/instance-scheduler-srv-accnt@terraformjlt.iam.gserviceaccount.com",
            "member": "serviceAccount:instance-scheduler-srv-accnt@terraformjlt.iam.gserviceaccount.com",
            "name": "projects/terraformjlt/serviceAccounts/instance-scheduler-srv-accnt@terraformjlt.iam.gserviceaccount.com",
            "project": "terraformjlt",
            "timeouts": null,
            "unique_id": "110860546249653180027"
          },
          "sensitive_attributes": [],
          "private": "eyJlMmJmYjczMC1lY2FhLTExZTYtOGY4OC0zNDM2M2JjN2M0YzAiOnsiY3JlYXRlIjozMDAwMDAwMDAwMDB9fQ=="
        }
      ]
    },
    {
      "mode": "managed",
      "type": "google_storage_bucket",
      "name": "bucket",
      "provider": "provider[\"registry.terraform.io/hashicorp/google\"]",
      "instances": [
        {
          "schema_version": 0,
          "attributes": {
            "autoclass": [],
            "cors": [],
            "custom_placement_config": [],
            "default_event_based_hold": false,
            "encryption": [],
            "force_destroy": false,
            "id": "terraformjlt_sch_bkt",
            "labels": {},
            "lifecycle_rule": [],
            "location": "US-WEST1",
            "logging": [],
            "name": "terraformjlt_sch_bkt",
            "project": "terraformjlt",
            "public_access_prevention": "inherited",
            "requester_pays": false,
            "retention_policy": [],
            "self_link": "https://www.googleapis.com/storage/v1/b/terraformjlt_sch_bkt",
            "storage_class": "STANDARD",
            "timeouts": null,
            "uniform_bucket_level_access": false,
            "url": "gs://terraformjlt_sch_bkt",
            "versioning": [],
            "website": []
          },
          "sensitive_attributes": [],
          "private": "eyJlMmJmYjczMC1lY2FhLTExZTYtOGY4OC0zNDM2M2JjN2M0YzAiOnsiY3JlYXRlIjo2MDAwMDAwMDAwMDAsInJlYWQiOjI0MDAwMDAwMDAwMCwidXBkYXRlIjoyNDAwMDAwMDAwMDB9fQ=="
        }
      ]
    },
    {
      "mode": "managed",
      "type": "google_storage_bucket",
      "name": "bucketinstances",
      "provider": "provider[\"registry.terraform.io/hashicorp/google\"]",
      "instances": [
        {
          "schema_version": 0,
          "attributes": {
            "autoclass": [],
            "cors": [],
            "custom_placement_config": [],
            "default_event_based_hold": false,
            "encryption": [],
            "force_destroy": true,
            "id": "terraformjlt_bkt_instance",
            "labels": {},
            "lifecycle_rule": [],
            "location": "US",
            "logging": [],
            "name": "terraformjlt_bkt_instance",
            "project": "terraformjlt",
            "public_access_prevention": "inherited",
            "requester_pays": false,
            "retention_policy": [],
            "self_link": "https://www.googleapis.com/storage/v1/b/terraformjlt_bkt_instance",
            "storage_class": "STANDARD",
            "timeouts": null,
            "uniform_bucket_level_access": false,
            "url": "gs://terraformjlt_bkt_instance",
            "versioning": [],
            "website": []
          },
          "sensitive_attributes": [],
          "private": "eyJlMmJmYjczMC1lY2FhLTExZTYtOGY4OC0zNDM2M2JjN2M0YzAiOnsiY3JlYXRlIjo2MDAwMDAwMDAwMDAsInJlYWQiOjI0MDAwMDAwMDAwMCwidXBkYXRlIjoyNDAwMDAwMDAwMDB9fQ=="
        }
      ]
    },
    {
      "mode": "managed",
      "type": "google_storage_bucket_object",
      "name": "archive",
      "provider": "provider[\"registry.terraform.io/hashicorp/google\"]",
      "instances": [
        {
          "schema_version": 0,
          "attributes": {
            "bucket": "terraformjlt_sch_bkt",
            "cache_control": "",
            "content": null,
            "content_disposition": "",
            "content_encoding": "",
            "content_language": "",
            "content_type": "application/zip",
            "crc32c": "JJGQuQ==",
            "customer_encryption": [],
            "detect_md5hash": "lFo0OAyztj7ZTYDkbRtVsw==",
            "event_based_hold": false,
            "id": "terraformjlt_sch_bkt-function.zip",
            "kms_key_name": "",
            "md5hash": "lFo0OAyztj7ZTYDkbRtVsw==",
            "media_link": "https://storage.googleapis.com/download/storage/v1/b/terraformjlt_sch_bkt/o/function.zip?generation=1685634224715941\u0026alt=media",
            "metadata": null,
            "name": "function.zip",
            "output_name": "function.zip",
            "self_link": "https://www.googleapis.com/storage/v1/b/terraformjlt_sch_bkt/o/function.zip",
            "source": "gcp/function.zip",
            "storage_class": "STANDARD",
            "temporary_hold": false,
            "timeouts": null
          },
          "sensitive_attributes": [],
          "private": "eyJlMmJmYjczMC1lY2FhLTExZTYtOGY4OC0zNDM2M2JjN2M0YzAiOnsiY3JlYXRlIjoyNDAwMDAwMDAwMDAsImRlbGV0ZSI6MjQwMDAwMDAwMDAwLCJ1cGRhdGUiOjI0MDAwMDAwMDAwMH19",
          "dependencies": [
            "google_storage_bucket.bucket"
          ]
        }
      ]
    }
  ]
}
